// !$*UTF8*$!
{
	archiveVersion = 1;
	classes = {
	};
	objectVersion = 46;
	objects = {

/* Begin PBXBuildFile section */
		1BE71E2E1B4ACCAE002E9479 /* NUInfoBox.swift in Sources */ = {isa = PBXBuildFile; fileRef = 1BE71E2D1B4ACCAE002E9479 /* NUInfoBox.swift */; };
		1BF674051B4AEDEA00C6C25A /* NUInfoBox.swift in Sources */ = {isa = PBXBuildFile; fileRef = 1BE71E2D1B4ACCAE002E9479 /* NUInfoBox.swift */; };
		1BF674071B4BEE7A00C6C25A /* NUMonthSelect.swift in Sources */ = {isa = PBXBuildFile; fileRef = 1BF674061B4BEE7A00C6C25A /* NUMonthSelect.swift */; };
		1BF674081B4BEEB600C6C25A /* NUMonthSelect.swift in Sources */ = {isa = PBXBuildFile; fileRef = 1BF674061B4BEE7A00C6C25A /* NUMonthSelect.swift */; };
		1BF674101B4BFD5E00C6C25A /* NUCollectionViewCell.swift in Sources */ = {isa = PBXBuildFile; fileRef = 1BF6740F1B4BFD5E00C6C25A /* NUCollectionViewCell.swift */; };
		1BF674111B4BFF9C00C6C25A /* NUCollectionViewCell.swift in Sources */ = {isa = PBXBuildFile; fileRef = 1BF6740F1B4BFD5E00C6C25A /* NUCollectionViewCell.swift */; };
		1BF674131B4C68AF00C6C25A /* NUCustomHeaderCell.swift in Sources */ = {isa = PBXBuildFile; fileRef = 1BF674121B4C68AF00C6C25A /* NUCustomHeaderCell.swift */; };
		1BF674141B4C69A100C6C25A /* NUCustomHeaderCell.swift in Sources */ = {isa = PBXBuildFile; fileRef = 1BF674121B4C68AF00C6C25A /* NUCustomHeaderCell.swift */; };
		1BF674191B4C77A700C6C25A /* nubankbarstatus.png in Resources */ = {isa = PBXBuildFile; fileRef = 1BF674181B4C77A700C6C25A /* nubankbarstatus.png */; };
		1BF6741A1B4C77A700C6C25A /* nubankbarstatus.png in Resources */ = {isa = PBXBuildFile; fileRef = 1BF674181B4C77A700C6C25A /* nubankbarstatus.png */; };
		1BF6741C1B4C7A2F00C6C25A /* NUAlertError.swift in Sources */ = {isa = PBXBuildFile; fileRef = 1BF6741B1B4C7A2F00C6C25A /* NUAlertError.swift */; };
		1BF6741D1B4C7A2F00C6C25A /* NUAlertError.swift in Sources */ = {isa = PBXBuildFile; fileRef = 1BF6741B1B4C7A2F00C6C25A /* NUAlertError.swift */; };
		1BF6741F1B4C856A00C6C25A /* nubank_teste-Bridging-Header.h in Sources */ = {isa = PBXBuildFile; fileRef = 1BF6741E1B4C850E00C6C25A /* nubank_teste-Bridging-Header.h */; };
		1BFDE96F1B4ABCD100D4310A /* NUItemsTableViewCell.swift in Sources */ = {isa = PBXBuildFile; fileRef = 1BFDE96E1B4ABCD100D4310A /* NUItemsTableViewCell.swift */; };
		1BFDE9701B4AC4D000D4310A /* NUItemsTableViewCell.swift in Sources */ = {isa = PBXBuildFile; fileRef = 1BFDE96E1B4ABCD100D4310A /* NUItemsTableViewCell.swift */; };
		30AF86A2F9B63A2CF1365CE7 /* Pods_nubank_testeTests.framework in Frameworks */ = {isa = PBXBuildFile; fileRef = DE9D17E192046C6B7D473160 /* Pods_nubank_testeTests.framework */; settings = {ATTRIBUTES = (Weak, ); }; };
		9E1D26EE1B42C16C0046C97E /* FromJSON.swift in Sources */ = {isa = PBXBuildFile; fileRef = 9E1D26E31B42C16C0046C97E /* FromJSON.swift */; };
		9E1D26EF1B42C16C0046C97E /* Mapper.swift in Sources */ = {isa = PBXBuildFile; fileRef = 9E1D26E41B42C16C0046C97E /* Mapper.swift */; };
		9E1D26F01B42C16C0046C97E /* Operators.swift in Sources */ = {isa = PBXBuildFile; fileRef = 9E1D26E51B42C16C0046C97E /* Operators.swift */; };
		9E1D26F11B42C16C0046C97E /* ToJSON.swift in Sources */ = {isa = PBXBuildFile; fileRef = 9E1D26E61B42C16C0046C97E /* ToJSON.swift */; };
		9E1D26F21B42C16C0046C97E /* DateTransform.swift in Sources */ = {isa = PBXBuildFile; fileRef = 9E1D26E81B42C16C0046C97E /* DateTransform.swift */; };
		9E1D26F31B42C16C0046C97E /* ISO8601DateTransform.swift in Sources */ = {isa = PBXBuildFile; fileRef = 9E1D26E91B42C16C0046C97E /* ISO8601DateTransform.swift */; };
		9E1D26F41B42C16C0046C97E /* TransformOf.swift in Sources */ = {isa = PBXBuildFile; fileRef = 9E1D26EA1B42C16C0046C97E /* TransformOf.swift */; };
		9E1D26F51B42C16C0046C97E /* TransformType.swift in Sources */ = {isa = PBXBuildFile; fileRef = 9E1D26EB1B42C16C0046C97E /* TransformType.swift */; };
		9E1D26F61B42C16C0046C97E /* URLTransform.swift in Sources */ = {isa = PBXBuildFile; fileRef = 9E1D26EC1B42C16C0046C97E /* URLTransform.swift */; };
		9E1D26F91B42C1C60046C97E /* BillServices.swift in Sources */ = {isa = PBXBuildFile; fileRef = 9E1D26F81B42C1C60046C97E /* BillServices.swift */; };
		9E1D26FB1B42C3F90046C97E /* BillApiResponse.swift in Sources */ = {isa = PBXBuildFile; fileRef = 9E1D26FA1B42C3F90046C97E /* BillApiResponse.swift */; };
		9E1D26FD1B42C84B0046C97E /* Summary.swift in Sources */ = {isa = PBXBuildFile; fileRef = 9E1D26FC1B42C84B0046C97E /* Summary.swift */; };
		9E1D26FF1B42CA380046C97E /* BillItem.swift in Sources */ = {isa = PBXBuildFile; fileRef = 9E1D26FE1B42CA380046C97E /* BillItem.swift */; };
		9E1D27011B42CD6E0046C97E /* CustomDateNuBank.swift in Sources */ = {isa = PBXBuildFile; fileRef = 9E1D27001B42CD6E0046C97E /* CustomDateNuBank.swift */; };
		9E1D27031B42CEF80046C97E /* NubankState.swift in Sources */ = {isa = PBXBuildFile; fileRef = 9E1D27021B42CEF80046C97E /* NubankState.swift */; };
		9E44AFDA1B45E0E10087D99E /* BillServicesTest.swift in Sources */ = {isa = PBXBuildFile; fileRef = 9E44AFD91B45E0E10087D99E /* BillServicesTest.swift */; };
		9E44AFDB1B45E1890087D99E /* BillServices.swift in Sources */ = {isa = PBXBuildFile; fileRef = 9E1D26F81B42C1C60046C97E /* BillServices.swift */; };
		9E44AFDC1B45E1B60087D99E /* RootViewController.swift in Sources */ = {isa = PBXBuildFile; fileRef = 9E7D79801B38B447001E4482 /* RootViewController.swift */; };
		9E44AFDD1B45E1B80087D99E /* DataViewController.swift in Sources */ = {isa = PBXBuildFile; fileRef = 9E7D79821B38B447001E4482 /* DataViewController.swift */; };
		9E44AFDE1B45E1BB0087D99E /* ModelController.swift in Sources */ = {isa = PBXBuildFile; fileRef = 9E7D79841B38B447001E4482 /* ModelController.swift */; };
		9E44AFDF1B45E1BF0087D99E /* AppDelegate.swift in Sources */ = {isa = PBXBuildFile; fileRef = 9E7D797E1B38B447001E4482 /* AppDelegate.swift */; };
		9E44AFE11B45E1DD0087D99E /* BillApiResponse.swift in Sources */ = {isa = PBXBuildFile; fileRef = 9E1D26FA1B42C3F90046C97E /* BillApiResponse.swift */; };
		9E44AFE21B45E1DD0087D99E /* Summary.swift in Sources */ = {isa = PBXBuildFile; fileRef = 9E1D26FC1B42C84B0046C97E /* Summary.swift */; };
		9E44AFE31B45E1DD0087D99E /* BillItem.swift in Sources */ = {isa = PBXBuildFile; fileRef = 9E1D26FE1B42CA380046C97E /* BillItem.swift */; };
		9E44AFE41B45E1F20087D99E /* FromJSON.swift in Sources */ = {isa = PBXBuildFile; fileRef = 9E1D26E31B42C16C0046C97E /* FromJSON.swift */; };
		9E44AFE51B45E1F20087D99E /* Mapper.swift in Sources */ = {isa = PBXBuildFile; fileRef = 9E1D26E41B42C16C0046C97E /* Mapper.swift */; };
		9E44AFE61B45E1F20087D99E /* Operators.swift in Sources */ = {isa = PBXBuildFile; fileRef = 9E1D26E51B42C16C0046C97E /* Operators.swift */; };
		9E44AFE71B45E1F20087D99E /* ToJSON.swift in Sources */ = {isa = PBXBuildFile; fileRef = 9E1D26E61B42C16C0046C97E /* ToJSON.swift */; };
		9E44AFE81B45E1F20087D99E /* DateTransform.swift in Sources */ = {isa = PBXBuildFile; fileRef = 9E1D26E81B42C16C0046C97E /* DateTransform.swift */; };
		9E44AFE91B45E1F20087D99E /* ISO8601DateTransform.swift in Sources */ = {isa = PBXBuildFile; fileRef = 9E1D26E91B42C16C0046C97E /* ISO8601DateTransform.swift */; };
		9E44AFEA1B45E1F20087D99E /* TransformOf.swift in Sources */ = {isa = PBXBuildFile; fileRef = 9E1D26EA1B42C16C0046C97E /* TransformOf.swift */; };
		9E44AFEB1B45E1F20087D99E /* TransformType.swift in Sources */ = {isa = PBXBuildFile; fileRef = 9E1D26EB1B42C16C0046C97E /* TransformType.swift */; };
		9E44AFEC1B45E1F20087D99E /* URLTransform.swift in Sources */ = {isa = PBXBuildFile; fileRef = 9E1D26EC1B42C16C0046C97E /* URLTransform.swift */; };
		9E44AFED1B45E1F20087D99E /* CustomDateNuBank.swift in Sources */ = {isa = PBXBuildFile; fileRef = 9E1D27001B42CD6E0046C97E /* CustomDateNuBank.swift */; };
		9E44AFEE1B45E1F20087D99E /* NubankState.swift in Sources */ = {isa = PBXBuildFile; fileRef = 9E1D27021B42CEF80046C97E /* NubankState.swift */; };
		9E44AFEF1B45E1F80087D99E /* UIColorExtension.swift in Sources */ = {isa = PBXBuildFile; fileRef = 9E9E35981B398C3F00C553D4 /* UIColorExtension.swift */; };
		9E44AFF41B45E43B0087D99E /* Images.xcassets in Resources */ = {isa = PBXBuildFile; fileRef = 9E7D79891B38B447001E4482 /* Images.xcassets */; };
		9E7D797F1B38B447001E4482 /* AppDelegate.swift in Sources */ = {isa = PBXBuildFile; fileRef = 9E7D797E1B38B447001E4482 /* AppDelegate.swift */; };
		9E7D79811B38B447001E4482 /* RootViewController.swift in Sources */ = {isa = PBXBuildFile; fileRef = 9E7D79801B38B447001E4482 /* RootViewController.swift */; };
		9E7D79831B38B447001E4482 /* DataViewController.swift in Sources */ = {isa = PBXBuildFile; fileRef = 9E7D79821B38B447001E4482 /* DataViewController.swift */; };
		9E7D79851B38B447001E4482 /* ModelController.swift in Sources */ = {isa = PBXBuildFile; fileRef = 9E7D79841B38B447001E4482 /* ModelController.swift */; };
		9E7D79881B38B447001E4482 /* Main.storyboard in Resources */ = {isa = PBXBuildFile; fileRef = 9E7D79861B38B447001E4482 /* Main.storyboard */; };
		9E7D798A1B38B447001E4482 /* Images.xcassets in Resources */ = {isa = PBXBuildFile; fileRef = 9E7D79891B38B447001E4482 /* Images.xcassets */; };
		9E7D798D1B38B447001E4482 /* LaunchScreen.xib in Resources */ = {isa = PBXBuildFile; fileRef = 9E7D798B1B38B447001E4482 /* LaunchScreen.xib */; };
		9E7D79991B38B447001E4482 /* nubank_testeTests.swift in Sources */ = {isa = PBXBuildFile; fileRef = 9E7D79981B38B447001E4482 /* nubank_testeTests.swift */; };
		9E9E35991B398C3F00C553D4 /* UIColorExtension.swift in Sources */ = {isa = PBXBuildFile; fileRef = 9E9E35981B398C3F00C553D4 /* UIColorExtension.swift */; };
		9E9E359C1B398F8200C553D4 /* Bill.swift in Sources */ = {isa = PBXBuildFile; fileRef = 9E9E359B1B398F8200C553D4 /* Bill.swift */; };
		A802915ED73871AA26CBEB8E /* Pods_nubank_teste.framework in Frameworks */ = {isa = PBXBuildFile; fileRef = FAD1829CB894577664836A9E /* Pods_nubank_teste.framework */; settings = {ATTRIBUTES = (Weak, ); }; };
/* End PBXBuildFile section */

/* Begin PBXContainerItemProxy section */
		9E7D79931B38B447001E4482 /* PBXContainerItemProxy */ = {
			isa = PBXContainerItemProxy;
			containerPortal = 9E7D79711B38B447001E4482 /* Project object */;
			proxyType = 1;
			remoteGlobalIDString = 9E7D79781B38B447001E4482;
			remoteInfo = "nubank teste";
		};
/* End PBXContainerItemProxy section */

/* Begin PBXFileReference section */
		153C80E42AF3BA487D951A73 /* Pods-nubank teste.release.xcconfig */ = {isa = PBXFileReference; includeInIndex = 1; lastKnownFileType = text.xcconfig; name = "Pods-nubank teste.release.xcconfig"; path = "Pods/Target Support Files/Pods-nubank teste/Pods-nubank teste.release.xcconfig"; sourceTree = "<group>"; };
		1BE71E2D1B4ACCAE002E9479 /* NUInfoBox.swift */ = {isa = PBXFileReference; fileEncoding = 4; lastKnownFileType = sourcecode.swift; path = NUInfoBox.swift; sourceTree = "<group>"; };
		1BF674061B4BEE7A00C6C25A /* NUMonthSelect.swift */ = {isa = PBXFileReference; fileEncoding = 4; lastKnownFileType = sourcecode.swift; path = NUMonthSelect.swift; sourceTree = "<group>"; };
		1BF6740F1B4BFD5E00C6C25A /* NUCollectionViewCell.swift */ = {isa = PBXFileReference; fileEncoding = 4; lastKnownFileType = sourcecode.swift; path = NUCollectionViewCell.swift; sourceTree = "<group>"; };
		1BF674121B4C68AF00C6C25A /* NUCustomHeaderCell.swift */ = {isa = PBXFileReference; fileEncoding = 4; lastKnownFileType = sourcecode.swift; path = NUCustomHeaderCell.swift; sourceTree = "<group>"; };
		1BF674181B4C77A700C6C25A /* nubankbarstatus.png */ = {isa = PBXFileReference; lastKnownFileType = image.png; path = nubankbarstatus.png; sourceTree = "<group>"; };
		1BF6741B1B4C7A2F00C6C25A /* NUAlertError.swift */ = {isa = PBXFileReference; fileEncoding = 4; lastKnownFileType = sourcecode.swift; path = NUAlertError.swift; sourceTree = "<group>"; };
		1BF6741E1B4C850E00C6C25A /* nubank_teste-Bridging-Header.h */ = {isa = PBXFileReference; fileEncoding = 4; lastKnownFileType = sourcecode.c.h; path = "nubank_teste-Bridging-Header.h"; sourceTree = "<group>"; };
		1BFDE96E1B4ABCD100D4310A /* NUItemsTableViewCell.swift */ = {isa = PBXFileReference; fileEncoding = 4; lastKnownFileType = sourcecode.swift; path = NUItemsTableViewCell.swift; sourceTree = "<group>"; };
		3AA2A48E843D6F5962AA6731 /* Pods-nubank testeTests.debug.xcconfig */ = {isa = PBXFileReference; includeInIndex = 1; lastKnownFileType = text.xcconfig; name = "Pods-nubank testeTests.debug.xcconfig"; path = "Pods/Target Support Files/Pods-nubank testeTests/Pods-nubank testeTests.debug.xcconfig"; sourceTree = "<group>"; };
		7B4B5D4DB539017882E866CF /* Pods-nubank teste.debug.xcconfig */ = {isa = PBXFileReference; includeInIndex = 1; lastKnownFileType = text.xcconfig; name = "Pods-nubank teste.debug.xcconfig"; path = "Pods/Target Support Files/Pods-nubank teste/Pods-nubank teste.debug.xcconfig"; sourceTree = "<group>"; };
		8F07849D1AA25E23895F6DB3 /* Pods-nubank testeTests.release.xcconfig */ = {isa = PBXFileReference; includeInIndex = 1; lastKnownFileType = text.xcconfig; name = "Pods-nubank testeTests.release.xcconfig"; path = "Pods/Target Support Files/Pods-nubank testeTests/Pods-nubank testeTests.release.xcconfig"; sourceTree = "<group>"; };
		9E1D26E31B42C16C0046C97E /* FromJSON.swift */ = {isa = PBXFileReference; fileEncoding = 4; lastKnownFileType = sourcecode.swift; path = FromJSON.swift; sourceTree = "<group>"; };
		9E1D26E41B42C16C0046C97E /* Mapper.swift */ = {isa = PBXFileReference; fileEncoding = 4; lastKnownFileType = sourcecode.swift; path = Mapper.swift; sourceTree = "<group>"; };
		9E1D26E51B42C16C0046C97E /* Operators.swift */ = {isa = PBXFileReference; fileEncoding = 4; lastKnownFileType = sourcecode.swift; path = Operators.swift; sourceTree = "<group>"; };
		9E1D26E61B42C16C0046C97E /* ToJSON.swift */ = {isa = PBXFileReference; fileEncoding = 4; lastKnownFileType = sourcecode.swift; path = ToJSON.swift; sourceTree = "<group>"; };
		9E1D26E81B42C16C0046C97E /* DateTransform.swift */ = {isa = PBXFileReference; fileEncoding = 4; lastKnownFileType = sourcecode.swift; path = DateTransform.swift; sourceTree = "<group>"; };
		9E1D26E91B42C16C0046C97E /* ISO8601DateTransform.swift */ = {isa = PBXFileReference; fileEncoding = 4; lastKnownFileType = sourcecode.swift; path = ISO8601DateTransform.swift; sourceTree = "<group>"; };
		9E1D26EA1B42C16C0046C97E /* TransformOf.swift */ = {isa = PBXFileReference; fileEncoding = 4; lastKnownFileType = sourcecode.swift; path = TransformOf.swift; sourceTree = "<group>"; };
		9E1D26EB1B42C16C0046C97E /* TransformType.swift */ = {isa = PBXFileReference; fileEncoding = 4; lastKnownFileType = sourcecode.swift; path = TransformType.swift; sourceTree = "<group>"; };
		9E1D26EC1B42C16C0046C97E /* URLTransform.swift */ = {isa = PBXFileReference; fileEncoding = 4; lastKnownFileType = sourcecode.swift; path = URLTransform.swift; sourceTree = "<group>"; };
		9E1D26F81B42C1C60046C97E /* BillServices.swift */ = {isa = PBXFileReference; fileEncoding = 4; lastKnownFileType = sourcecode.swift; path = BillServices.swift; sourceTree = "<group>"; };
		9E1D26FA1B42C3F90046C97E /* BillApiResponse.swift */ = {isa = PBXFileReference; fileEncoding = 4; lastKnownFileType = sourcecode.swift; path = BillApiResponse.swift; sourceTree = "<group>"; };
		9E1D26FC1B42C84B0046C97E /* Summary.swift */ = {isa = PBXFileReference; fileEncoding = 4; lastKnownFileType = sourcecode.swift; path = Summary.swift; sourceTree = "<group>"; };
		9E1D26FE1B42CA380046C97E /* BillItem.swift */ = {isa = PBXFileReference; fileEncoding = 4; lastKnownFileType = sourcecode.swift; path = BillItem.swift; sourceTree = "<group>"; };
		9E1D27001B42CD6E0046C97E /* CustomDateNuBank.swift */ = {isa = PBXFileReference; fileEncoding = 4; lastKnownFileType = sourcecode.swift; path = CustomDateNuBank.swift; sourceTree = "<group>"; };
		9E1D27021B42CEF80046C97E /* NubankState.swift */ = {isa = PBXFileReference; fileEncoding = 4; lastKnownFileType = sourcecode.swift; path = NubankState.swift; sourceTree = "<group>"; };
		9E44AFD91B45E0E10087D99E /* BillServicesTest.swift */ = {isa = PBXFileReference; fileEncoding = 4; lastKnownFileType = sourcecode.swift; path = BillServicesTest.swift; sourceTree = "<group>"; };
		9E7D79791B38B447001E4482 /* nubank teste.app */ = {isa = PBXFileReference; explicitFileType = wrapper.application; includeInIndex = 0; path = "nubank teste.app"; sourceTree = BUILT_PRODUCTS_DIR; };
		9E7D797D1B38B447001E4482 /* Info.plist */ = {isa = PBXFileReference; lastKnownFileType = text.plist.xml; path = Info.plist; sourceTree = "<group>"; };
		9E7D797E1B38B447001E4482 /* AppDelegate.swift */ = {isa = PBXFileReference; lastKnownFileType = sourcecode.swift; path = AppDelegate.swift; sourceTree = "<group>"; };
		9E7D79801B38B447001E4482 /* RootViewController.swift */ = {isa = PBXFileReference; lastKnownFileType = sourcecode.swift; path = RootViewController.swift; sourceTree = "<group>"; };
		9E7D79821B38B447001E4482 /* DataViewController.swift */ = {isa = PBXFileReference; lastKnownFileType = sourcecode.swift; path = DataViewController.swift; sourceTree = "<group>"; };
		9E7D79841B38B447001E4482 /* ModelController.swift */ = {isa = PBXFileReference; lastKnownFileType = sourcecode.swift; path = ModelController.swift; sourceTree = "<group>"; };
		9E7D79871B38B447001E4482 /* Base */ = {isa = PBXFileReference; lastKnownFileType = file.storyboard; name = Base; path = Base.lproj/Main.storyboard; sourceTree = "<group>"; };
		9E7D79891B38B447001E4482 /* Images.xcassets */ = {isa = PBXFileReference; lastKnownFileType = folder.assetcatalog; path = Images.xcassets; sourceTree = "<group>"; };
		9E7D798C1B38B447001E4482 /* Base */ = {isa = PBXFileReference; lastKnownFileType = file.xib; name = Base; path = Base.lproj/LaunchScreen.xib; sourceTree = "<group>"; };
		9E7D79921B38B447001E4482 /* nubank testeTests.xctest */ = {isa = PBXFileReference; explicitFileType = wrapper.cfbundle; includeInIndex = 0; path = "nubank testeTests.xctest"; sourceTree = BUILT_PRODUCTS_DIR; };
		9E7D79971B38B447001E4482 /* Info.plist */ = {isa = PBXFileReference; lastKnownFileType = text.plist.xml; path = Info.plist; sourceTree = "<group>"; };
		9E7D79981B38B447001E4482 /* nubank_testeTests.swift */ = {isa = PBXFileReference; lastKnownFileType = sourcecode.swift; path = nubank_testeTests.swift; sourceTree = "<group>"; };
		9E9E35981B398C3F00C553D4 /* UIColorExtension.swift */ = {isa = PBXFileReference; fileEncoding = 4; lastKnownFileType = sourcecode.swift; path = UIColorExtension.swift; sourceTree = "<group>"; };
		9E9E359B1B398F8200C553D4 /* Bill.swift */ = {isa = PBXFileReference; fileEncoding = 4; lastKnownFileType = sourcecode.swift; name = Bill.swift; path = Model/Bill.swift; sourceTree = "<group>"; };
		DE9D17E192046C6B7D473160 /* Pods_nubank_testeTests.framework */ = {isa = PBXFileReference; explicitFileType = wrapper.framework; includeInIndex = 0; path = Pods_nubank_testeTests.framework; sourceTree = BUILT_PRODUCTS_DIR; };
		FAD1829CB894577664836A9E /* Pods_nubank_teste.framework */ = {isa = PBXFileReference; explicitFileType = wrapper.framework; includeInIndex = 0; path = Pods_nubank_teste.framework; sourceTree = BUILT_PRODUCTS_DIR; };
/* End PBXFileReference section */

/* Begin PBXFrameworksBuildPhase section */
		9E7D79761B38B447001E4482 /* Frameworks */ = {
			isa = PBXFrameworksBuildPhase;
			buildActionMask = 2147483647;
			files = (
				A802915ED73871AA26CBEB8E /* Pods_nubank_teste.framework in Frameworks */,
			);
			runOnlyForDeploymentPostprocessing = 0;
		};
		9E7D798F1B38B447001E4482 /* Frameworks */ = {
			isa = PBXFrameworksBuildPhase;
			buildActionMask = 2147483647;
			files = (
				30AF86A2F9B63A2CF1365CE7 /* Pods_nubank_testeTests.framework in Frameworks */,
			);
			runOnlyForDeploymentPostprocessing = 0;
		};
/* End PBXFrameworksBuildPhase section */

/* Begin PBXGroup section */
		1BE71E2C1B4ACC82002E9479 /* components */ = {
			isa = PBXGroup;
			children = (
				1BE71E2D1B4ACCAE002E9479 /* NUInfoBox.swift */,
				1BF674061B4BEE7A00C6C25A /* NUMonthSelect.swift */,
				1BF6740F1B4BFD5E00C6C25A /* NUCollectionViewCell.swift */,
				1BF6741B1B4C7A2F00C6C25A /* NUAlertError.swift */,
			);
			name = components;
			sourceTree = "<group>";
		};
		1BFDE96D1B4ABC9900D4310A /* cell */ = {
			isa = PBXGroup;
			children = (
				1BF674121B4C68AF00C6C25A /* NUCustomHeaderCell.swift */,
				1BFDE96E1B4ABCD100D4310A /* NUItemsTableViewCell.swift */,
			);
			name = cell;
			sourceTree = "<group>";
		};
		25633CB6AB0C4C4A15CB83CB /* Pods */ = {
			isa = PBXGroup;
			children = (
				7B4B5D4DB539017882E866CF /* Pods-nubank teste.debug.xcconfig */,
				153C80E42AF3BA487D951A73 /* Pods-nubank teste.release.xcconfig */,
				3AA2A48E843D6F5962AA6731 /* Pods-nubank testeTests.debug.xcconfig */,
				8F07849D1AA25E23895F6DB3 /* Pods-nubank testeTests.release.xcconfig */,
			);
			name = Pods;
			sourceTree = "<group>";
		};
		9E1D26E11B42C16C0046C97E /* JSONObjectMapper */ = {
			isa = PBXGroup;
			children = (
				9E1D26E21B42C16C0046C97E /* Core */,
				9E1D26E71B42C16C0046C97E /* Transforms */,
			);
			path = JSONObjectMapper;
			sourceTree = "<group>";
		};
		9E1D26E21B42C16C0046C97E /* Core */ = {
			isa = PBXGroup;
			children = (
				9E1D26E31B42C16C0046C97E /* FromJSON.swift */,
				9E1D26E41B42C16C0046C97E /* Mapper.swift */,
				9E1D26E51B42C16C0046C97E /* Operators.swift */,
				9E1D26E61B42C16C0046C97E /* ToJSON.swift */,
			);
			path = Core;
			sourceTree = "<group>";
		};
		9E1D26E71B42C16C0046C97E /* Transforms */ = {
			isa = PBXGroup;
			children = (
				9E1D26E81B42C16C0046C97E /* DateTransform.swift */,
				9E1D26E91B42C16C0046C97E /* ISO8601DateTransform.swift */,
				9E1D26EA1B42C16C0046C97E /* TransformOf.swift */,
				9E1D26EB1B42C16C0046C97E /* TransformType.swift */,
				9E1D26EC1B42C16C0046C97E /* URLTransform.swift */,
				9E1D27001B42CD6E0046C97E /* CustomDateNuBank.swift */,
				9E1D27021B42CEF80046C97E /* NubankState.swift */,
			);
			path = Transforms;
			sourceTree = "<group>";
		};
		9E1D26F71B42C1AD0046C97E /* services */ = {
			isa = PBXGroup;
			children = (
				9E1D26F81B42C1C60046C97E /* BillServices.swift */,
			);
			name = services;
			sourceTree = "<group>";
		};
		9E1D27061B42DC590046C97E /* images */ = {
			isa = PBXGroup;
			children = (
				1BF674181B4C77A700C6C25A /* nubankbarstatus.png */,
			);
			name = images;
			sourceTree = "<group>";
		};
		9E7D79701B38B447001E4482 = {
			isa = PBXGroup;
			children = (
				9E7D797B1B38B447001E4482 /* nubank teste */,
				9E7D79951B38B447001E4482 /* nubank testeTests */,
				9E7D797A1B38B447001E4482 /* Products */,
				25633CB6AB0C4C4A15CB83CB /* Pods */,
				C8D292F9A9A62393C4F0B46F /* Frameworks */,
			);
			sourceTree = "<group>";
		};
		9E7D797A1B38B447001E4482 /* Products */ = {
			isa = PBXGroup;
			children = (
				9E7D79791B38B447001E4482 /* nubank teste.app */,
				9E7D79921B38B447001E4482 /* nubank testeTests.xctest */,
			);
			name = Products;
			sourceTree = "<group>";
		};
		9E7D797B1B38B447001E4482 /* nubank teste */ = {
			isa = PBXGroup;
			children = (
				1BE71E2C1B4ACC82002E9479 /* components */,
				1BFDE96D1B4ABC9900D4310A /* cell */,
				9E1D26F71B42C1AD0046C97E /* services */,
				9E9E359A1B398F4000C553D4 /* Model */,
				9E9E35971B398C1F00C553D4 /* Uitls */,
				9E7D797E1B38B447001E4482 /* AppDelegate.swift */,
				9E7D79801B38B447001E4482 /* RootViewController.swift */,
				9E7D79821B38B447001E4482 /* DataViewController.swift */,
				9E7D79841B38B447001E4482 /* ModelController.swift */,
				9E7D79861B38B447001E4482 /* Main.storyboard */,
				9E7D79891B38B447001E4482 /* Images.xcassets */,
				9E7D798B1B38B447001E4482 /* LaunchScreen.xib */,
				9E7D797C1B38B447001E4482 /* Supporting Files */,
			);
			path = "nubank teste";
			sourceTree = "<group>";
		};
		9E7D797C1B38B447001E4482 /* Supporting Files */ = {
			isa = PBXGroup;
			children = (
				9E1D27061B42DC590046C97E /* images */,
				9E7D797D1B38B447001E4482 /* Info.plist */,
				1BF6741E1B4C850E00C6C25A /* nubank_teste-Bridging-Header.h */,
			);
			name = "Supporting Files";
			sourceTree = "<group>";
		};
		9E7D79951B38B447001E4482 /* nubank testeTests */ = {
			isa = PBXGroup;
			children = (
				9E7D79981B38B447001E4482 /* nubank_testeTests.swift */,
				9E7D79961B38B447001E4482 /* Supporting Files */,
				9E44AFD91B45E0E10087D99E /* BillServicesTest.swift */,
			);
			path = "nubank testeTests";
			sourceTree = "<group>";
		};
		9E7D79961B38B447001E4482 /* Supporting Files */ = {
			isa = PBXGroup;
			children = (
				9E7D79971B38B447001E4482 /* Info.plist */,
			);
			name = "Supporting Files";
			sourceTree = "<group>";
		};
		9E9E35971B398C1F00C553D4 /* Uitls */ = {
			isa = PBXGroup;
			children = (
				9E1D26E11B42C16C0046C97E /* JSONObjectMapper */,
				9E9E35981B398C3F00C553D4 /* UIColorExtension.swift */,
			);
			name = Uitls;
			sourceTree = "<group>";
		};
		9E9E359A1B398F4000C553D4 /* Model */ = {
			isa = PBXGroup;
			children = (
				9E9E359B1B398F8200C553D4 /* Bill.swift */,
				9E1D26FA1B42C3F90046C97E /* BillApiResponse.swift */,
				9E1D26FC1B42C84B0046C97E /* Summary.swift */,
				9E1D26FE1B42CA380046C97E /* BillItem.swift */,
			);
			name = Model;
			sourceTree = "<group>";
		};
		C8D292F9A9A62393C4F0B46F /* Frameworks */ = {
			isa = PBXGroup;
			children = (
				FAD1829CB894577664836A9E /* Pods_nubank_teste.framework */,
				DE9D17E192046C6B7D473160 /* Pods_nubank_testeTests.framework */,
			);
			name = Frameworks;
			sourceTree = "<group>";
		};
/* End PBXGroup section */

/* Begin PBXNativeTarget section */
		9E7D79781B38B447001E4482 /* nubank teste */ = {
			isa = PBXNativeTarget;
			buildConfigurationList = 9E7D799C1B38B447001E4482 /* Build configuration list for PBXNativeTarget "nubank teste" */;
			buildPhases = (
				760F7EC530157BE0E940F570 /* Check Pods Manifest.lock */,
				9E7D79751B38B447001E4482 /* Sources */,
				9E7D79761B38B447001E4482 /* Frameworks */,
				9E7D79771B38B447001E4482 /* Resources */,
				D2AF718B3879580CCD210D5E /* Embed Pods Frameworks */,
				DA6B06A637AD153C0C1FAAD3 /* Copy Pods Resources */,
			);
			buildRules = (
			);
			dependencies = (
			);
			name = "nubank teste";
			productName = "nubank teste";
			productReference = 9E7D79791B38B447001E4482 /* nubank teste.app */;
			productType = "com.apple.product-type.application";
		};
		9E7D79911B38B447001E4482 /* nubank testeTests */ = {
			isa = PBXNativeTarget;
			buildConfigurationList = 9E7D799F1B38B447001E4482 /* Build configuration list for PBXNativeTarget "nubank testeTests" */;
			buildPhases = (
				18074240F8721EF237C948C8 /* Check Pods Manifest.lock */,
				9E7D798E1B38B447001E4482 /* Sources */,
				9E7D798F1B38B447001E4482 /* Frameworks */,
				9E7D79901B38B447001E4482 /* Resources */,
				5DF29615BDF898584DABBE75 /* Embed Pods Frameworks */,
				1B08433A03E15CE1AF02906D /* Copy Pods Resources */,
			);
			buildRules = (
			);
			dependencies = (
				9E7D79941B38B447001E4482 /* PBXTargetDependency */,
			);
			name = "nubank testeTests";
			productName = "nubank testeTests";
			productReference = 9E7D79921B38B447001E4482 /* nubank testeTests.xctest */;
			productType = "com.apple.product-type.bundle.unit-test";
		};
/* End PBXNativeTarget section */

/* Begin PBXProject section */
		9E7D79711B38B447001E4482 /* Project object */ = {
			isa = PBXProject;
			attributes = {
				LastSwiftUpdateCheck = 0700;
				LastUpgradeCheck = 0630;
				ORGANIZATIONNAME = "rodrigo de souza reis";
				TargetAttributes = {
					9E7D79781B38B447001E4482 = {
						CreatedOnToolsVersion = 6.3.1;
					};
					9E7D79911B38B447001E4482 = {
						CreatedOnToolsVersion = 6.3.1;
						TestTargetID = 9E7D79781B38B447001E4482;
					};
				};
			};
			buildConfigurationList = 9E7D79741B38B447001E4482 /* Build configuration list for PBXProject "nubank teste" */;
			compatibilityVersion = "Xcode 3.2";
			developmentRegion = English;
			hasScannedForEncodings = 0;
			knownRegions = (
				en,
				Base,
			);
			mainGroup = 9E7D79701B38B447001E4482;
			productRefGroup = 9E7D797A1B38B447001E4482 /* Products */;
			projectDirPath = "";
			projectRoot = "";
			targets = (
				9E7D79781B38B447001E4482 /* nubank teste */,
				9E7D79911B38B447001E4482 /* nubank testeTests */,
			);
		};
/* End PBXProject section */

/* Begin PBXResourcesBuildPhase section */
		9E7D79771B38B447001E4482 /* Resources */ = {
			isa = PBXResourcesBuildPhase;
			buildActionMask = 2147483647;
			files = (
				9E7D79881B38B447001E4482 /* Main.storyboard in Resources */,
				9E7D798D1B38B447001E4482 /* LaunchScreen.xib in Resources */,
				1BF674191B4C77A700C6C25A /* nubankbarstatus.png in Resources */,
				9E7D798A1B38B447001E4482 /* Images.xcassets in Resources */,
			);
			runOnlyForDeploymentPostprocessing = 0;
		};
		9E7D79901B38B447001E4482 /* Resources */ = {
			isa = PBXResourcesBuildPhase;
			buildActionMask = 2147483647;
			files = (
				1BF6741A1B4C77A700C6C25A /* nubankbarstatus.png in Resources */,
				9E44AFF41B45E43B0087D99E /* Images.xcassets in Resources */,
			);
			runOnlyForDeploymentPostprocessing = 0;
		};
/* End PBXResourcesBuildPhase section */

/* Begin PBXShellScriptBuildPhase section */
		18074240F8721EF237C948C8 /* Check Pods Manifest.lock */ = {
			isa = PBXShellScriptBuildPhase;
			buildActionMask = 2147483647;
			files = (
			);
			inputPaths = (
			);
			name = "Check Pods Manifest.lock";
			outputPaths = (
			);
			runOnlyForDeploymentPostprocessing = 0;
			shellPath = /bin/sh;
			shellScript = "diff \"${SRCROOT}/Podfile.lock\" \"${SRCROOT}/Pods/Manifest.lock\" > /dev/null\nif [[ $? != 0 ]] ; then\n    cat << EOM\nerror: The sandbox is not in sync with the Podfile.lock. Run 'pod install' or update your CocoaPods installation.\nEOM\n    exit 1\nfi\n";
			showEnvVarsInLog = 0;
		};
		1B08433A03E15CE1AF02906D /* Copy Pods Resources */ = {
			isa = PBXShellScriptBuildPhase;
			buildActionMask = 2147483647;
			files = (
			);
			inputPaths = (
			);
			name = "Copy Pods Resources";
			outputPaths = (
			);
			runOnlyForDeploymentPostprocessing = 0;
			shellPath = /bin/sh;
			shellScript = "\"${SRCROOT}/Pods/Target Support Files/Pods-nubank testeTests/Pods-nubank testeTests-resources.sh\"\n";
			showEnvVarsInLog = 0;
		};
		5DF29615BDF898584DABBE75 /* Embed Pods Frameworks */ = {
			isa = PBXShellScriptBuildPhase;
			buildActionMask = 2147483647;
			files = (
			);
			inputPaths = (
			);
			name = "Embed Pods Frameworks";
			outputPaths = (
			);
			runOnlyForDeploymentPostprocessing = 0;
			shellPath = /bin/sh;
			shellScript = "\"${SRCROOT}/Pods/Target Support Files/Pods-nubank testeTests/Pods-nubank testeTests-frameworks.sh\"\n";
			showEnvVarsInLog = 0;
		};
		760F7EC530157BE0E940F570 /* Check Pods Manifest.lock */ = {
			isa = PBXShellScriptBuildPhase;
			buildActionMask = 2147483647;
			files = (
			);
			inputPaths = (
			);
			name = "Check Pods Manifest.lock";
			outputPaths = (
			);
			runOnlyForDeploymentPostprocessing = 0;
			shellPath = /bin/sh;
			shellScript = "diff \"${PODS_ROOT}/../Podfile.lock\" \"${PODS_ROOT}/Manifest.lock\" > /dev/null\nif [[ $? != 0 ]] ; then\n    cat << EOM\nerror: The sandbox is not in sync with the Podfile.lock. Run 'pod install' or update your CocoaPods installation.\nEOM\n    exit 1\nfi\n";
			showEnvVarsInLog = 0;
		};
		D2AF718B3879580CCD210D5E /* Embed Pods Frameworks */ = {
			isa = PBXShellScriptBuildPhase;
			buildActionMask = 2147483647;
			files = (
			);
			inputPaths = (
			);
			name = "Embed Pods Frameworks";
			outputPaths = (
			);
			runOnlyForDeploymentPostprocessing = 0;
			shellPath = /bin/sh;
			shellScript = "\"${SRCROOT}/Pods/Target Support Files/Pods-nubank teste/Pods-nubank teste-frameworks.sh\"\n";
			showEnvVarsInLog = 0;
		};
		DA6B06A637AD153C0C1FAAD3 /* Copy Pods Resources */ = {
			isa = PBXShellScriptBuildPhase;
			buildActionMask = 2147483647;
			files = (
			);
			inputPaths = (
			);
			name = "Copy Pods Resources";
			outputPaths = (
			);
			runOnlyForDeploymentPostprocessing = 0;
			shellPath = /bin/sh;
			shellScript = "\"${SRCROOT}/Pods/Target Support Files/Pods-nubank teste/Pods-nubank teste-resources.sh\"\n";
			showEnvVarsInLog = 0;
		};
/* End PBXShellScriptBuildPhase section */

/* Begin PBXSourcesBuildPhase section */
		9E7D79751B38B447001E4482 /* Sources */ = {
			isa = PBXSourcesBuildPhase;
			buildActionMask = 2147483647;
			files = (
				9E7D79811B38B447001E4482 /* RootViewController.swift in Sources */,
				9E1D26F31B42C16C0046C97E /* ISO8601DateTransform.swift in Sources */,
				9E1D26F01B42C16C0046C97E /* Operators.swift in Sources */,
				9E1D26FF1B42CA380046C97E /* BillItem.swift in Sources */,
				9E7D79851B38B447001E4482 /* ModelController.swift in Sources */,
				9E1D26F11B42C16C0046C97E /* ToJSON.swift in Sources */,
				9E1D27011B42CD6E0046C97E /* CustomDateNuBank.swift in Sources */,
				1BF674071B4BEE7A00C6C25A /* NUMonthSelect.swift in Sources */,
				9E1D26FD1B42C84B0046C97E /* Summary.swift in Sources */,
				9E1D26F41B42C16C0046C97E /* TransformOf.swift in Sources */,
				9E1D27031B42CEF80046C97E /* NubankState.swift in Sources */,
				9E9E35991B398C3F00C553D4 /* UIColorExtension.swift in Sources */,
				1BF6741C1B4C7A2F00C6C25A /* NUAlertError.swift in Sources */,
				9E1D26F91B42C1C60046C97E /* BillServices.swift in Sources */,
				1BE71E2E1B4ACCAE002E9479 /* NUInfoBox.swift in Sources */,
				9E1D26FB1B42C3F90046C97E /* BillApiResponse.swift in Sources */,
				1BFDE96F1B4ABCD100D4310A /* NUItemsTableViewCell.swift in Sources */,
				1BF674101B4BFD5E00C6C25A /* NUCollectionViewCell.swift in Sources */,
				9E7D79831B38B447001E4482 /* DataViewController.swift in Sources */,
				1BF674131B4C68AF00C6C25A /* NUCustomHeaderCell.swift in Sources */,
				9E1D26EF1B42C16C0046C97E /* Mapper.swift in Sources */,
				9E9E359C1B398F8200C553D4 /* Bill.swift in Sources */,
				9E1D26F51B42C16C0046C97E /* TransformType.swift in Sources */,
				9E1D26F21B42C16C0046C97E /* DateTransform.swift in Sources */,
				9E1D26F61B42C16C0046C97E /* URLTransform.swift in Sources */,
				9E7D797F1B38B447001E4482 /* AppDelegate.swift in Sources */,
				9E1D26EE1B42C16C0046C97E /* FromJSON.swift in Sources */,
				1BF6741F1B4C856A00C6C25A /* nubank_teste-Bridging-Header.h in Sources */,
			);
			runOnlyForDeploymentPostprocessing = 0;
		};
		9E7D798E1B38B447001E4482 /* Sources */ = {
			isa = PBXSourcesBuildPhase;
			buildActionMask = 2147483647;
			files = (
				9E44AFEC1B45E1F20087D99E /* URLTransform.swift in Sources */,
				9E44AFDA1B45E0E10087D99E /* BillServicesTest.swift in Sources */,
				9E44AFDB1B45E1890087D99E /* BillServices.swift in Sources */,
				9E44AFE31B45E1DD0087D99E /* BillItem.swift in Sources */,
				1BFDE9701B4AC4D000D4310A /* NUItemsTableViewCell.swift in Sources */,
				9E44AFEF1B45E1F80087D99E /* UIColorExtension.swift in Sources */,
				9E44AFEA1B45E1F20087D99E /* TransformOf.swift in Sources */,
				9E44AFED1B45E1F20087D99E /* CustomDateNuBank.swift in Sources */,
				9E44AFDD1B45E1B80087D99E /* DataViewController.swift in Sources */,
				9E44AFDE1B45E1BB0087D99E /* ModelController.swift in Sources */,
				1BF6741D1B4C7A2F00C6C25A /* NUAlertError.swift in Sources */,
				9E44AFE51B45E1F20087D99E /* Mapper.swift in Sources */,
				1BF674111B4BFF9C00C6C25A /* NUCollectionViewCell.swift in Sources */,
				9E44AFEE1B45E1F20087D99E /* NubankState.swift in Sources */,
				9E44AFEB1B45E1F20087D99E /* TransformType.swift in Sources */,
				1BF674141B4C69A100C6C25A /* NUCustomHeaderCell.swift in Sources */,
				9E44AFDF1B45E1BF0087D99E /* AppDelegate.swift in Sources */,
				9E44AFE81B45E1F20087D99E /* DateTransform.swift in Sources */,
				9E44AFE71B45E1F20087D99E /* ToJSON.swift in Sources */,
				9E44AFE21B45E1DD0087D99E /* Summary.swift in Sources */,
				9E44AFE61B45E1F20087D99E /* Operators.swift in Sources */,
				1BF674051B4AEDEA00C6C25A /* NUInfoBox.swift in Sources */,
				1BF674081B4BEEB600C6C25A /* NUMonthSelect.swift in Sources */,
				9E44AFDC1B45E1B60087D99E /* RootViewController.swift in Sources */,
				9E7D79991B38B447001E4482 /* nubank_testeTests.swift in Sources */,
				9E44AFE11B45E1DD0087D99E /* BillApiResponse.swift in Sources */,
				9E44AFE41B45E1F20087D99E /* FromJSON.swift in Sources */,
				9E44AFE91B45E1F20087D99E /* ISO8601DateTransform.swift in Sources */,
			);
			runOnlyForDeploymentPostprocessing = 0;
		};
/* End PBXSourcesBuildPhase section */

/* Begin PBXTargetDependency section */
		9E7D79941B38B447001E4482 /* PBXTargetDependency */ = {
			isa = PBXTargetDependency;
			target = 9E7D79781B38B447001E4482 /* nubank teste */;
			targetProxy = 9E7D79931B38B447001E4482 /* PBXContainerItemProxy */;
		};
/* End PBXTargetDependency section */

/* Begin PBXVariantGroup section */
		9E7D79861B38B447001E4482 /* Main.storyboard */ = {
			isa = PBXVariantGroup;
			children = (
				9E7D79871B38B447001E4482 /* Base */,
			);
			name = Main.storyboard;
			sourceTree = "<group>";
		};
		9E7D798B1B38B447001E4482 /* LaunchScreen.xib */ = {
			isa = PBXVariantGroup;
			children = (
				9E7D798C1B38B447001E4482 /* Base */,
			);
			name = LaunchScreen.xib;
			sourceTree = "<group>";
		};
/* End PBXVariantGroup section */

/* Begin XCBuildConfiguration section */
		9E7D799A1B38B447001E4482 /* Debug */ = {
			isa = XCBuildConfiguration;
			buildSettings = {
				ALWAYS_SEARCH_USER_PATHS = NO;
				CLANG_CXX_LANGUAGE_STANDARD = "gnu++0x";
				CLANG_CXX_LIBRARY = "libc++";
				CLANG_ENABLE_MODULES = YES;
				CLANG_ENABLE_OBJC_ARC = YES;
				CLANG_WARN_BOOL_CONVERSION = YES;
				CLANG_WARN_CONSTANT_CONVERSION = YES;
				CLANG_WARN_DIRECT_OBJC_ISA_USAGE = YES_ERROR;
				CLANG_WARN_EMPTY_BODY = YES;
				CLANG_WARN_ENUM_CONVERSION = YES;
				CLANG_WARN_INT_CONVERSION = YES;
				CLANG_WARN_OBJC_ROOT_CLASS = YES_ERROR;
				CLANG_WARN_UNREACHABLE_CODE = YES;
				CLANG_WARN__DUPLICATE_METHOD_MATCH = YES;
				"CODE_SIGN_IDENTITY[sdk=iphoneos*]" = "iPhone Developer";
				COPY_PHASE_STRIP = NO;
				DEBUG_INFORMATION_FORMAT = "dwarf-with-dsym";
				ENABLE_STRICT_OBJC_MSGSEND = YES;
				GCC_C_LANGUAGE_STANDARD = gnu99;
				GCC_DYNAMIC_NO_PIC = NO;
				GCC_NO_COMMON_BLOCKS = YES;
				GCC_OPTIMIZATION_LEVEL = 0;
				GCC_PREPROCESSOR_DEFINITIONS = (
					"DEBUG=1",
					"$(inherited)",
				);
				GCC_SYMBOLS_PRIVATE_EXTERN = NO;
				GCC_WARN_64_TO_32_BIT_CONVERSION = YES;
				GCC_WARN_ABOUT_RETURN_TYPE = YES_ERROR;
				GCC_WARN_UNDECLARED_SELECTOR = YES;
				GCC_WARN_UNINITIALIZED_AUTOS = YES_AGGRESSIVE;
				GCC_WARN_UNUSED_FUNCTION = YES;
				GCC_WARN_UNUSED_VARIABLE = YES;
				IPHONEOS_DEPLOYMENT_TARGET = 8.3;
				MTL_ENABLE_DEBUG_INFO = YES;
				ONLY_ACTIVE_ARCH = YES;
				SDKROOT = iphoneos;
				SWIFT_OPTIMIZATION_LEVEL = "-Onone";
			};
			name = Debug;
		};
		9E7D799B1B38B447001E4482 /* Release */ = {
			isa = XCBuildConfiguration;
			buildSettings = {
				ALWAYS_SEARCH_USER_PATHS = NO;
				CLANG_CXX_LANGUAGE_STANDARD = "gnu++0x";
				CLANG_CXX_LIBRARY = "libc++";
				CLANG_ENABLE_MODULES = YES;
				CLANG_ENABLE_OBJC_ARC = YES;
				CLANG_WARN_BOOL_CONVERSION = YES;
				CLANG_WARN_CONSTANT_CONVERSION = YES;
				CLANG_WARN_DIRECT_OBJC_ISA_USAGE = YES_ERROR;
				CLANG_WARN_EMPTY_BODY = YES;
				CLANG_WARN_ENUM_CONVERSION = YES;
				CLANG_WARN_INT_CONVERSION = YES;
				CLANG_WARN_OBJC_ROOT_CLASS = YES_ERROR;
				CLANG_WARN_UNREACHABLE_CODE = YES;
				CLANG_WARN__DUPLICATE_METHOD_MATCH = YES;
				"CODE_SIGN_IDENTITY[sdk=iphoneos*]" = "iPhone Developer";
				COPY_PHASE_STRIP = NO;
				DEBUG_INFORMATION_FORMAT = "dwarf-with-dsym";
				ENABLE_NS_ASSERTIONS = NO;
				ENABLE_STRICT_OBJC_MSGSEND = YES;
				GCC_C_LANGUAGE_STANDARD = gnu99;
				GCC_NO_COMMON_BLOCKS = YES;
				GCC_WARN_64_TO_32_BIT_CONVERSION = YES;
				GCC_WARN_ABOUT_RETURN_TYPE = YES_ERROR;
				GCC_WARN_UNDECLARED_SELECTOR = YES;
				GCC_WARN_UNINITIALIZED_AUTOS = YES_AGGRESSIVE;
				GCC_WARN_UNUSED_FUNCTION = YES;
				GCC_WARN_UNUSED_VARIABLE = YES;
				IPHONEOS_DEPLOYMENT_TARGET = 8.3;
				MTL_ENABLE_DEBUG_INFO = NO;
				SDKROOT = iphoneos;
				VALIDATE_PRODUCT = YES;
			};
			name = Release;
		};
		9E7D799D1B38B447001E4482 /* Debug */ = {
			isa = XCBuildConfiguration;
			baseConfigurationReference = 7B4B5D4DB539017882E866CF /* Pods-nubank teste.debug.xcconfig */;
			buildSettings = {
				ASSETCATALOG_COMPILER_APPICON_NAME = AppIcon;
				INFOPLIST_FILE = "nubank teste/Info.plist";
				LD_RUNPATH_SEARCH_PATHS = "$(inherited) @executable_path/Frameworks";
				PRODUCT_NAME = "$(TARGET_NAME)";
				SWIFT_OBJC_BRIDGING_HEADER = "./nubank teste/nubank_teste-Bridging-Header.h";
			};
			name = Debug;
		};
		9E7D799E1B38B447001E4482 /* Release */ = {
			isa = XCBuildConfiguration;
			baseConfigurationReference = 153C80E42AF3BA487D951A73 /* Pods-nubank teste.release.xcconfig */;
			buildSettings = {
				ASSETCATALOG_COMPILER_APPICON_NAME = AppIcon;
				INFOPLIST_FILE = "nubank teste/Info.plist";
				LD_RUNPATH_SEARCH_PATHS = "$(inherited) @executable_path/Frameworks";
				PRODUCT_NAME = "$(TARGET_NAME)";
				SWIFT_OBJC_BRIDGING_HEADER = "./nubank teste/nubank_teste-Bridging-Header.h";
			};
			name = Release;
		};
		9E7D79A01B38B447001E4482 /* Debug */ = {
			isa = XCBuildConfiguration;
			baseConfigurationReference = 3AA2A48E843D6F5962AA6731 /* Pods-nubank testeTests.debug.xcconfig */;
			buildSettings = {
				BUNDLE_LOADER = "$(TEST_HOST)";
				FRAMEWORK_SEARCH_PATHS = (
					"$(SDKROOT)/Developer/Library/Frameworks",
					"$(inherited)",
				);
				GCC_PREPROCESSOR_DEFINITIONS = (
					"DEBUG=1",
					"$(inherited)",
				);
				INFOPLIST_FILE = "nubank testeTests/Info.plist";
				LD_RUNPATH_SEARCH_PATHS = "$(inherited) @executable_path/Frameworks @loader_path/Frameworks";
				PRODUCT_NAME = "$(TARGET_NAME)";
				TEST_HOST = "$(BUILT_PRODUCTS_DIR)/nubank teste.app/nubank teste";
			};
			name = Debug;
		};
		9E7D79A11B38B447001E4482 /* Release */ = {
			isa = XCBuildConfiguration;
			baseConfigurationReference = 8F07849D1AA25E23895F6DB3 /* Pods-nubank testeTests.release.xcconfig */;
			buildSettings = {
				BUNDLE_LOADER = "$(TEST_HOST)";
				FRAMEWORK_SEARCH_PATHS = (
					"$(SDKROOT)/Developer/Library/Frameworks",
					"$(inherited)",
				);
				INFOPLIST_FILE = "nubank testeTests/Info.plist";
				LD_RUNPATH_SEARCH_PATHS = "$(inherited) @executable_path/Frameworks @loader_path/Frameworks";
				PRODUCT_NAME = "$(TARGET_NAME)";
				TEST_HOST = "$(BUILT_PRODUCTS_DIR)/nubank teste.app/nubank teste";
			};
			name = Release;
		};
/* End XCBuildConfiguration section */

/* Begin XCConfigurationList section */
		9E7D79741B38B447001E4482 /* Build configuration list for PBXProject "nubank teste" */ = {
			isa = XCConfigurationList;
			buildConfigurations = (
				9E7D799A1B38B447001E4482 /* Debug */,
				9E7D799B1B38B447001E4482 /* Release */,
			);
			defaultConfigurationIsVisible = 0;
			defaultConfigurationName = Release;
		};
		9E7D799C1B38B447001E4482 /* Build configuration list for PBXNativeTarget "nubank teste" */ = {
			isa = XCConfigurationList;
			buildConfigurations = (
				9E7D799D1B38B447001E4482 /* Debug */,
				9E7D799E1B38B447001E4482 /* Release */,
			);
			defaultConfigurationIsVisible = 0;
			defaultConfigurationName = Release;
		};
		9E7D799F1B38B447001E4482 /* Build configuration list for PBXNativeTarget "nubank testeTests" */ = {
			isa = XCConfigurationList;
			buildConfigurations = (
				9E7D79A01B38B447001E4482 /* Debug */,
				9E7D79A11B38B447001E4482 /* Release */,
			);
			defaultConfigurationIsVisible = 0;
			defaultConfigurationName = Release;
		};
/* End XCConfigurationList section */
	};
	rootObject = 9E7D79711B38B447001E4482 /* Project object */;
}
